
Microsoft Visual Studio Solution File, Format Version 12.00
# Visual Studio 14
VisualStudioVersion = 14.0.25420.1
MinimumVisualStudioVersion = 10.0.40219.1
Project("{FAE04EC0-301F-11D3-BF4B-00C04F79EFBC}") = "Todoo.Shared", "Todoo.Shared\Todoo.Shared.csproj", "{1E636151-DDB8-42B3-BA8A-BE0B96C6C9AB}"
EndProject
Project("{FAE04EC0-301F-11D3-BF4B-00C04F79EFBC}") = "Todoo.Droid", "Todoo.Droid\Todoo.Droid.csproj", "{723A903B-11F5-4CCA-800C-7433DF23FDFF}"
EndProject
Project("{FAE04EC0-301F-11D3-BF4B-00C04F79EFBC}") = "Todoo.iOS", "Todoo.iOS\Todoo.iOS.csproj", "{D367C085-36CE-4058-8BE2-5A8923DC3D95}"
EndProject
Project("{FAE04EC0-301F-11D3-BF4B-00C04F79EFBC}") = "Todoo.WinPhone", "Todoo.WinPhone\Todoo.WinPhone.csproj", "{635C4735-4B53-4502-B4E7-54C927010967}"
EndProject
Project("{FAE04EC0-301F-11D3-BF4B-00C04F79EFBC}") = "Todoo.UWP", "Todoo.UWP\Todoo.UWP.csproj", "{AACE4EB0-94F5-4064-9FAA-CFAE76EB88B0}"
EndProject
Project("{FAE04EC0-301F-11D3-BF4B-00C04F79EFBC}") = "Todoo.Windows", "Todoo.Windows\Todoo.Windows.csproj", "{45657AB8-1A4D-46B3-8D81-E0D2151797B6}"
EndProject
Global
	GlobalSection(SolutionConfigurationPlatforms) = preSolution
		Ad-Hoc|Any CPU = Ad-Hoc|Any CPU
		Ad-Hoc|ARM = Ad-Hoc|ARM
		Ad-Hoc|iPhone = Ad-Hoc|iPhone
		Ad-Hoc|iPhoneSimulator = Ad-Hoc|iPhoneSimulator
		Ad-Hoc|x64 = Ad-Hoc|x64
		Ad-Hoc|x86 = Ad-Hoc|x86
		AppStore|Any CPU = AppStore|Any CPU
		AppStore|ARM = AppStore|ARM
		AppStore|iPhone = AppStore|iPhone
		AppStore|iPhoneSimulator = AppStore|iPhoneSimulator
		AppStore|x64 = AppStore|x64
		AppStore|x86 = AppStore|x86
		Debug|Any CPU = Debug|Any CPU
		Debug|ARM = Debug|ARM
		Debug|iPhone = Debug|iPhone
		Debug|iPhoneSimulator = Debug|iPhoneSimulator
		Debug|x64 = Debug|x64
		Debug|x86 = Debug|x86
		Release|Any CPU = Release|Any CPU
		Release|ARM = Release|ARM
		Release|iPhone = Release|iPhone
		Release|iPhoneSimulator = Release|iPhoneSimulator
		Release|x64 = Release|x64
		Release|x86 = Release|x86
	EndGlobalSection
	GlobalSection(ProjectConfigurationPlatforms) = postSolution
		{1E636151-DDB8-42B3-BA8A-BE0B96C6C9AB}.Ad-Hoc|Any CPU.ActiveCfg = Release|Any CPU
		{1E636151-DDB8-42B3-BA8A-BE0B96C6C9AB}.Ad-Hoc|Any CPU.Build.0 = Release|Any CPU
		{1E636151-DDB8-42B3-BA8A-BE0B96C6C9AB}.Ad-Hoc|ARM.ActiveCfg = Release|Any CPU
		{1E636151-DDB8-42B3-BA8A-BE0B96C6C9AB}.Ad-Hoc|ARM.Build.0 = Release|Any CPU
		{1E636151-DDB8-42B3-BA8A-BE0B96C6C9AB}.Ad-Hoc|iPhone.ActiveCfg = Release|Any CPU
		{1E636151-DDB8-42B3-BA8A-BE0B96C6C9AB}.Ad-Hoc|iPhone.Build.0 = Release|Any CPU
		{1E636151-DDB8-42B3-BA8A-BE0B96C6C9AB}.Ad-Hoc|iPhoneSimulator.ActiveCfg = Release|Any CPU
		{1E636151-DDB8-42B3-BA8A-BE0B96C6C9AB}.Ad-Hoc|iPhoneSimulator.Build.0 = Release|Any CPU
		{1E636151-DDB8-42B3-BA8A-BE0B96C6C9AB}.Ad-Hoc|x64.ActiveCfg = Release|Any CPU
		{1E636151-DDB8-42B3-BA8A-BE0B96C6C9AB}.Ad-Hoc|x64.Build.0 = Release|Any CPU
		{1E636151-DDB8-42B3-BA8A-BE0B96C6C9AB}.Ad-Hoc|x86.ActiveCfg = Release|Any CPU
		{1E636151-DDB8-42B3-BA8A-BE0B96C6C9AB}.Ad-Hoc|x86.Build.0 = Release|Any CPU
		{1E636151-DDB8-42B3-BA8A-BE0B96C6C9AB}.AppStore|Any CPU.ActiveCfg = Release|Any CPU
		{1E636151-DDB8-42B3-BA8A-BE0B96C6C9AB}.AppStore|Any CPU.Build.0 = Release|Any CPU
		{1E636151-DDB8-42B3-BA8A-BE0B96C6C9AB}.AppStore|ARM.ActiveCfg = Release|Any CPU
		{1E636151-DDB8-42B3-BA8A-BE0B96C6C9AB}.AppStore|ARM.Build.0 = Release|Any CPU
		{1E636151-DDB8-42B3-BA8A-BE0B96C6C9AB}.AppStore|iPhone.ActiveCfg = Release|Any CPU
		{1E636151-DDB8-42B3-BA8A-BE0B96C6C9AB}.AppStore|iPhone.Build.0 = Release|Any CPU
		{1E636151-DDB8-42B3-BA8A-BE0B96C6C9AB}.AppStore|iPhoneSimulator.ActiveCfg = Release|Any CPU
		{1E636151-DDB8-42B3-BA8A-BE0B96C6C9AB}.AppStore|iPhoneSimulator.Build.0 = Release|Any CPU
		{1E636151-DDB8-42B3-BA8A-BE0B96C6C9AB}.AppStore|x64.ActiveCfg = Release|Any CPU
		{1E636151-DDB8-42B3-BA8A-BE0B96C6C9AB}.AppStore|x64.Build.0 = Release|Any CPU
		{1E636151-DDB8-42B3-BA8A-BE0B96C6C9AB}.AppStore|x86.ActiveCfg = Release|Any CPU
		{1E636151-DDB8-42B3-BA8A-BE0B96C6C9AB}.AppStore|x86.Build.0 = Release|Any CPU
		{1E636151-DDB8-42B3-BA8A-BE0B96C6C9AB}.Debug|Any CPU.ActiveCfg = Debug|Any CPU
		{1E636151-DDB8-42B3-BA8A-BE0B96C6C9AB}.Debug|Any CPU.Build.0 = Debug|Any CPU
		{1E636151-DDB8-42B3-BA8A-BE0B96C6C9AB}.Debug|ARM.ActiveCfg = Debug|Any CPU
		{1E636151-DDB8-42B3-BA8A-BE0B96C6C9AB}.Debug|ARM.Build.0 = Debug|Any CPU
		{1E636151-DDB8-42B3-BA8A-BE0B96C6C9AB}.Debug|iPhone.ActiveCfg = Debug|Any CPU
		{1E636151-DDB8-42B3-BA8A-BE0B96C6C9AB}.Debug|iPhone.Build.0 = Debug|Any CPU
		{1E636151-DDB8-42B3-BA8A-BE0B96C6C9AB}.Debug|iPhoneSimulator.ActiveCfg = Debug|Any CPU
		{1E636151-DDB8-42B3-BA8A-BE0B96C6C9AB}.Debug|iPhoneSimulator.Build.0 = Debug|Any CPU
		{1E636151-DDB8-42B3-BA8A-BE0B96C6C9AB}.Debug|x64.ActiveCfg = Debug|Any CPU
		{1E636151-DDB8-42B3-BA8A-BE0B96C6C9AB}.Debug|x64.Build.0 = Debug|Any CPU
		{1E636151-DDB8-42B3-BA8A-BE0B96C6C9AB}.Debug|x86.ActiveCfg = Debug|Any CPU
		{1E636151-DDB8-42B3-BA8A-BE0B96C6C9AB}.Debug|x86.Build.0 = Debug|Any CPU
		{1E636151-DDB8-42B3-BA8A-BE0B96C6C9AB}.Release|Any CPU.ActiveCfg = Release|Any CPU
		{1E636151-DDB8-42B3-BA8A-BE0B96C6C9AB}.Release|Any CPU.Build.0 = Release|Any CPU
		{1E636151-DDB8-42B3-BA8A-BE0B96C6C9AB}.Release|ARM.ActiveCfg = Release|Any CPU
		{1E636151-DDB8-42B3-BA8A-BE0B96C6C9AB}.Release|ARM.Build.0 = Release|Any CPU
		{1E636151-DDB8-42B3-BA8A-BE0B96C6C9AB}.Release|iPhone.ActiveCfg = Release|Any CPU
		{1E636151-DDB8-42B3-BA8A-BE0B96C6C9AB}.Release|iPhone.Build.0 = Release|Any CPU
		{1E636151-DDB8-42B3-BA8A-BE0B96C6C9AB}.Release|iPhoneSimulator.ActiveCfg = Release|Any CPU
		{1E636151-DDB8-42B3-BA8A-BE0B96C6C9AB}.Release|iPhoneSimulator.Build.0 = Release|Any CPU
		{1E636151-DDB8-42B3-BA8A-BE0B96C6C9AB}.Release|x64.ActiveCfg = Release|Any CPU
		{1E636151-DDB8-42B3-BA8A-BE0B96C6C9AB}.Release|x64.Build.0 = Release|Any CPU
		{1E636151-DDB8-42B3-BA8A-BE0B96C6C9AB}.Release|x86.ActiveCfg = Release|Any CPU
		{1E636151-DDB8-42B3-BA8A-BE0B96C6C9AB}.Release|x86.Build.0 = Release|Any CPU
		{723A903B-11F5-4CCA-800C-7433DF23FDFF}.Ad-Hoc|Any CPU.ActiveCfg = Release|Any CPU
		{723A903B-11F5-4CCA-800C-7433DF23FDFF}.Ad-Hoc|Any CPU.Build.0 = Release|Any CPU
		{723A903B-11F5-4CCA-800C-7433DF23FDFF}.Ad-Hoc|Any CPU.Deploy.0 = Release|Any CPU
		{723A903B-11F5-4CCA-800C-7433DF23FDFF}.Ad-Hoc|ARM.ActiveCfg = Release|Any CPU
		{723A903B-11F5-4CCA-800C-7433DF23FDFF}.Ad-Hoc|ARM.Build.0 = Release|Any CPU
		{723A903B-11F5-4CCA-800C-7433DF23FDFF}.Ad-Hoc|ARM.Deploy.0 = Release|Any CPU
		{723A903B-11F5-4CCA-800C-7433DF23FDFF}.Ad-Hoc|iPhone.ActiveCfg = Release|Any CPU
		{723A903B-11F5-4CCA-800C-7433DF23FDFF}.Ad-Hoc|iPhone.Build.0 = Release|Any CPU
		{723A903B-11F5-4CCA-800C-7433DF23FDFF}.Ad-Hoc|iPhone.Deploy.0 = Release|Any CPU
		{723A903B-11F5-4CCA-800C-7433DF23FDFF}.Ad-Hoc|iPhoneSimulator.ActiveCfg = Release|Any CPU
		{723A903B-11F5-4CCA-800C-7433DF23FDFF}.Ad-Hoc|iPhoneSimulator.Build.0 = Release|Any CPU
		{723A903B-11F5-4CCA-800C-7433DF23FDFF}.Ad-Hoc|iPhoneSimulator.Deploy.0 = Release|Any CPU
		{723A903B-11F5-4CCA-800C-7433DF23FDFF}.Ad-Hoc|x64.ActiveCfg = Release|Any CPU
		{723A903B-11F5-4CCA-800C-7433DF23FDFF}.Ad-Hoc|x64.Build.0 = Release|Any CPU
		{723A903B-11F5-4CCA-800C-7433DF23FDFF}.Ad-Hoc|x64.Deploy.0 = Release|Any CPU
		{723A903B-11F5-4CCA-800C-7433DF23FDFF}.Ad-Hoc|x86.ActiveCfg = Release|Any CPU
		{723A903B-11F5-4CCA-800C-7433DF23FDFF}.Ad-Hoc|x86.Build.0 = Release|Any CPU
		{723A903B-11F5-4CCA-800C-7433DF23FDFF}.Ad-Hoc|x86.Deploy.0 = Release|Any CPU
		{723A903B-11F5-4CCA-800C-7433DF23FDFF}.AppStore|Any CPU.ActiveCfg = Release|Any CPU
		{723A903B-11F5-4CCA-800C-7433DF23FDFF}.AppStore|Any CPU.Build.0 = Release|Any CPU
		{723A903B-11F5-4CCA-800C-7433DF23FDFF}.AppStore|Any CPU.Deploy.0 = Release|Any CPU
		{723A903B-11F5-4CCA-800C-7433DF23FDFF}.AppStore|ARM.ActiveCfg = Release|Any CPU
		{723A903B-11F5-4CCA-800C-7433DF23FDFF}.AppStore|ARM.Build.0 = Release|Any CPU
		{723A903B-11F5-4CCA-800C-7433DF23FDFF}.AppStore|ARM.Deploy.0 = Release|Any CPU
		{723A903B-11F5-4CCA-800C-7433DF23FDFF}.AppStore|iPhone.ActiveCfg = Release|Any CPU
		{723A903B-11F5-4CCA-800C-7433DF23FDFF}.AppStore|iPhone.Build.0 = Release|Any CPU
		{723A903B-11F5-4CCA-800C-7433DF23FDFF}.AppStore|iPhone.Deploy.0 = Release|Any CPU
		{723A903B-11F5-4CCA-800C-7433DF23FDFF}.AppStore|iPhoneSimulator.ActiveCfg = Release|Any CPU
		{723A903B-11F5-4CCA-800C-7433DF23FDFF}.AppStore|iPhoneSimulator.Build.0 = Release|Any CPU
		{723A903B-11F5-4CCA-800C-7433DF23FDFF}.AppStore|iPhoneSimulator.Deploy.0 = Release|Any CPU
		{723A903B-11F5-4CCA-800C-7433DF23FDFF}.AppStore|x64.ActiveCfg = Release|Any CPU
		{723A903B-11F5-4CCA-800C-7433DF23FDFF}.AppStore|x64.Build.0 = Release|Any CPU
		{723A903B-11F5-4CCA-800C-7433DF23FDFF}.AppStore|x64.Deploy.0 = Release|Any CPU
		{723A903B-11F5-4CCA-800C-7433DF23FDFF}.AppStore|x86.ActiveCfg = Release|Any CPU
		{723A903B-11F5-4CCA-800C-7433DF23FDFF}.AppStore|x86.Build.0 = Release|Any CPU
		{723A903B-11F5-4CCA-800C-7433DF23FDFF}.AppStore|x86.Deploy.0 = Release|Any CPU
		{723A903B-11F5-4CCA-800C-7433DF23FDFF}.Debug|Any CPU.ActiveCfg = Debug|Any CPU
		{723A903B-11F5-4CCA-800C-7433DF23FDFF}.Debug|Any CPU.Build.0 = Debug|Any CPU
		{723A903B-11F5-4CCA-800C-7433DF23FDFF}.Debug|Any CPU.Deploy.0 = Debug|Any CPU
		{723A903B-11F5-4CCA-800C-7433DF23FDFF}.Debug|ARM.ActiveCfg = Debug|Any CPU
		{723A903B-11F5-4CCA-800C-7433DF23FDFF}.Debug|ARM.Build.0 = Debug|Any CPU
		{723A903B-11F5-4CCA-800C-7433DF23FDFF}.Debug|ARM.Deploy.0 = Debug|Any CPU
		{723A903B-11F5-4CCA-800C-7433DF23FDFF}.Debug|iPhone.ActiveCfg = Debug|Any CPU
		{723A903B-11F5-4CCA-800C-7433DF23FDFF}.Debug|iPhone.Build.0 = Debug|Any CPU
		{723A903B-11F5-4CCA-800C-7433DF23FDFF}.Debug|iPhone.Deploy.0 = Debug|Any CPU
		{723A903B-11F5-4CCA-800C-7433DF23FDFF}.Debug|iPhoneSimulator.ActiveCfg = Debug|Any CPU
		{723A903B-11F5-4CCA-800C-7433DF23FDFF}.Debug|iPhoneSimulator.Build.0 = Debug|Any CPU
		{723A903B-11F5-4CCA-800C-7433DF23FDFF}.Debug|iPhoneSimulator.Deploy.0 = Debug|Any CPU
		{723A903B-11F5-4CCA-800C-7433DF23FDFF}.Debug|x64.ActiveCfg = Debug|Any CPU
		{723A903B-11F5-4CCA-800C-7433DF23FDFF}.Debug|x64.Build.0 = Debug|Any CPU
		{723A903B-11F5-4CCA-800C-7433DF23FDFF}.Debug|x64.Deploy.0 = Debug|Any CPU
		{723A903B-11F5-4CCA-800C-7433DF23FDFF}.Debug|x86.ActiveCfg = Debug|Any CPU
		{723A903B-11F5-4CCA-800C-7433DF23FDFF}.Debug|x86.Build.0 = Debug|Any CPU
		{723A903B-11F5-4CCA-800C-7433DF23FDFF}.Debug|x86.Deploy.0 = Debug|Any CPU
		{723A903B-11F5-4CCA-800C-7433DF23FDFF}.Release|Any CPU.ActiveCfg = Release|Any CPU
		{723A903B-11F5-4CCA-800C-7433DF23FDFF}.Release|Any CPU.Build.0 = Release|Any CPU
		{723A903B-11F5-4CCA-800C-7433DF23FDFF}.Release|Any CPU.Deploy.0 = Release|Any CPU
		{723A903B-11F5-4CCA-800C-7433DF23FDFF}.Release|ARM.ActiveCfg = Release|Any CPU
		{723A903B-11F5-4CCA-800C-7433DF23FDFF}.Release|ARM.Build.0 = Release|Any CPU
		{723A903B-11F5-4CCA-800C-7433DF23FDFF}.Release|ARM.Deploy.0 = Release|Any CPU
		{723A903B-11F5-4CCA-800C-7433DF23FDFF}.Release|iPhone.ActiveCfg = Release|Any CPU
		{723A903B-11F5-4CCA-800C-7433DF23FDFF}.Release|iPhone.Build.0 = Release|Any CPU
		{723A903B-11F5-4CCA-800C-7433DF23FDFF}.Release|iPhone.Deploy.0 = Release|Any CPU
		{723A903B-11F5-4CCA-800C-7433DF23FDFF}.Release|iPhoneSimulator.ActiveCfg = Release|Any CPU
		{723A903B-11F5-4CCA-800C-7433DF23FDFF}.Release|iPhoneSimulator.Build.0 = Release|Any CPU
		{723A903B-11F5-4CCA-800C-7433DF23FDFF}.Release|iPhoneSimulator.Deploy.0 = Release|Any CPU
		{723A903B-11F5-4CCA-800C-7433DF23FDFF}.Release|x64.ActiveCfg = Release|Any CPU
		{723A903B-11F5-4CCA-800C-7433DF23FDFF}.Release|x64.Build.0 = Release|Any CPU
		{723A903B-11F5-4CCA-800C-7433DF23FDFF}.Release|x64.Deploy.0 = Release|Any CPU
		{723A903B-11F5-4CCA-800C-7433DF23FDFF}.Release|x86.ActiveCfg = Release|Any CPU
		{723A903B-11F5-4CCA-800C-7433DF23FDFF}.Release|x86.Build.0 = Release|Any CPU
		{723A903B-11F5-4CCA-800C-7433DF23FDFF}.Release|x86.Deploy.0 = Release|Any CPU
		{D367C085-36CE-4058-8BE2-5A8923DC3D95}.Ad-Hoc|Any CPU.ActiveCfg = Ad-Hoc|iPhone
		{D367C085-36CE-4058-8BE2-5A8923DC3D95}.Ad-Hoc|ARM.ActiveCfg = Ad-Hoc|iPhone
		{D367C085-36CE-4058-8BE2-5A8923DC3D95}.Ad-Hoc|iPhone.ActiveCfg = Ad-Hoc|iPhone
		{D367C085-36CE-4058-8BE2-5A8923DC3D95}.Ad-Hoc|iPhone.Build.0 = Ad-Hoc|iPhone
		{D367C085-36CE-4058-8BE2-5A8923DC3D95}.Ad-Hoc|iPhoneSimulator.ActiveCfg = Ad-Hoc|iPhoneSimulator
		{D367C085-36CE-4058-8BE2-5A8923DC3D95}.Ad-Hoc|iPhoneSimulator.Build.0 = Ad-Hoc|iPhoneSimulator
		{D367C085-36CE-4058-8BE2-5A8923DC3D95}.Ad-Hoc|x64.ActiveCfg = Ad-Hoc|iPhone
		{D367C085-36CE-4058-8BE2-5A8923DC3D95}.Ad-Hoc|x86.ActiveCfg = Ad-Hoc|iPhone
		{D367C085-36CE-4058-8BE2-5A8923DC3D95}.AppStore|Any CPU.ActiveCfg = AppStore|iPhone
		{D367C085-36CE-4058-8BE2-5A8923DC3D95}.AppStore|ARM.ActiveCfg = AppStore|iPhone
		{D367C085-36CE-4058-8BE2-5A8923DC3D95}.AppStore|iPhone.ActiveCfg = AppStore|iPhone
		{D367C085-36CE-4058-8BE2-5A8923DC3D95}.AppStore|iPhone.Build.0 = AppStore|iPhone
		{D367C085-36CE-4058-8BE2-5A8923DC3D95}.AppStore|iPhoneSimulator.ActiveCfg = AppStore|iPhoneSimulator
		{D367C085-36CE-4058-8BE2-5A8923DC3D95}.AppStore|iPhoneSimulator.Build.0 = AppStore|iPhoneSimulator
		{D367C085-36CE-4058-8BE2-5A8923DC3D95}.AppStore|x64.ActiveCfg = AppStore|iPhone
		{D367C085-36CE-4058-8BE2-5A8923DC3D95}.AppStore|x86.ActiveCfg = AppStore|iPhone
		{D367C085-36CE-4058-8BE2-5A8923DC3D95}.Debug|Any CPU.ActiveCfg = Debug|iPhone
		{D367C085-36CE-4058-8BE2-5A8923DC3D95}.Debug|ARM.ActiveCfg = Debug|iPhone
		{D367C085-36CE-4058-8BE2-5A8923DC3D95}.Debug|iPhone.ActiveCfg = Debug|iPhone
		{D367C085-36CE-4058-8BE2-5A8923DC3D95}.Debug|iPhone.Build.0 = Debug|iPhone
		{D367C085-36CE-4058-8BE2-5A8923DC3D95}.Debug|iPhoneSimulator.ActiveCfg = Debug|iPhoneSimulator
		{D367C085-36CE-4058-8BE2-5A8923DC3D95}.Debug|iPhoneSimulator.Build.0 = Debug|iPhoneSimulator
		{D367C085-36CE-4058-8BE2-5A8923DC3D95}.Debug|x64.ActiveCfg = Debug|iPhone
		{D367C085-36CE-4058-8BE2-5A8923DC3D95}.Debug|x86.ActiveCfg = Debug|iPhone
		{D367C085-36CE-4058-8BE2-5A8923DC3D95}.Release|Any CPU.ActiveCfg = Release|iPhone
		{D367C085-36CE-4058-8BE2-5A8923DC3D95}.Release|ARM.ActiveCfg = Release|iPhone
		{D367C085-36CE-4058-8BE2-5A8923DC3D95}.Release|iPhone.ActiveCfg = Release|iPhone
		{D367C085-36CE-4058-8BE2-5A8923DC3D95}.Release|iPhone.Build.0 = Release|iPhone
		{D367C085-36CE-4058-8BE2-5A8923DC3D95}.Release|iPhoneSimulator.ActiveCfg = Release|iPhoneSimulator
		{D367C085-36CE-4058-8BE2-5A8923DC3D95}.Release|iPhoneSimulator.Build.0 = Release|iPhoneSimulator
		{D367C085-36CE-4058-8BE2-5A8923DC3D95}.Release|x64.ActiveCfg = Release|iPhone
		{D367C085-36CE-4058-8BE2-5A8923DC3D95}.Release|x86.ActiveCfg = Release|iPhone
		{635C4735-4B53-4502-B4E7-54C927010967}.Ad-Hoc|Any CPU.ActiveCfg = Release|Any CPU
		{635C4735-4B53-4502-B4E7-54C927010967}.Ad-Hoc|Any CPU.Build.0 = Release|Any CPU
		{635C4735-4B53-4502-B4E7-54C927010967}.Ad-Hoc|Any CPU.Deploy.0 = Release|Any CPU
		{635C4735-4B53-4502-B4E7-54C927010967}.Ad-Hoc|ARM.ActiveCfg = Release|ARM
		{635C4735-4B53-4502-B4E7-54C927010967}.Ad-Hoc|ARM.Build.0 = Release|ARM
		{635C4735-4B53-4502-B4E7-54C927010967}.Ad-Hoc|ARM.Deploy.0 = Release|ARM
		{635C4735-4B53-4502-B4E7-54C927010967}.Ad-Hoc|iPhone.ActiveCfg = Release|Any CPU
		{635C4735-4B53-4502-B4E7-54C927010967}.Ad-Hoc|iPhone.Build.0 = Release|Any CPU
		{635C4735-4B53-4502-B4E7-54C927010967}.Ad-Hoc|iPhone.Deploy.0 = Release|Any CPU
		{635C4735-4B53-4502-B4E7-54C927010967}.Ad-Hoc|iPhoneSimulator.ActiveCfg = Release|Any CPU
		{635C4735-4B53-4502-B4E7-54C927010967}.Ad-Hoc|iPhoneSimulator.Build.0 = Release|Any CPU
		{635C4735-4B53-4502-B4E7-54C927010967}.Ad-Hoc|iPhoneSimulator.Deploy.0 = Release|Any CPU
		{635C4735-4B53-4502-B4E7-54C927010967}.Ad-Hoc|x64.ActiveCfg = Release|Any CPU
		{635C4735-4B53-4502-B4E7-54C927010967}.Ad-Hoc|x64.Build.0 = Release|Any CPU
		{635C4735-4B53-4502-B4E7-54C927010967}.Ad-Hoc|x64.Deploy.0 = Release|Any CPU
		{635C4735-4B53-4502-B4E7-54C927010967}.Ad-Hoc|x86.ActiveCfg = Release|x86
		{635C4735-4B53-4502-B4E7-54C927010967}.Ad-Hoc|x86.Build.0 = Release|x86
		{635C4735-4B53-4502-B4E7-54C927010967}.Ad-Hoc|x86.Deploy.0 = Release|x86
		{635C4735-4B53-4502-B4E7-54C927010967}.AppStore|Any CPU.ActiveCfg = Release|Any CPU
		{635C4735-4B53-4502-B4E7-54C927010967}.AppStore|Any CPU.Build.0 = Release|Any CPU
		{635C4735-4B53-4502-B4E7-54C927010967}.AppStore|Any CPU.Deploy.0 = Release|Any CPU
		{635C4735-4B53-4502-B4E7-54C927010967}.AppStore|ARM.ActiveCfg = Release|ARM
		{635C4735-4B53-4502-B4E7-54C927010967}.AppStore|ARM.Build.0 = Release|ARM
		{635C4735-4B53-4502-B4E7-54C927010967}.AppStore|ARM.Deploy.0 = Release|ARM
		{635C4735-4B53-4502-B4E7-54C927010967}.AppStore|iPhone.ActiveCfg = Release|Any CPU
		{635C4735-4B53-4502-B4E7-54C927010967}.AppStore|iPhone.Build.0 = Release|Any CPU
		{635C4735-4B53-4502-B4E7-54C927010967}.AppStore|iPhone.Deploy.0 = Release|Any CPU
		{635C4735-4B53-4502-B4E7-54C927010967}.AppStore|iPhoneSimulator.ActiveCfg = Release|Any CPU
		{635C4735-4B53-4502-B4E7-54C927010967}.AppStore|iPhoneSimulator.Build.0 = Release|Any CPU
		{635C4735-4B53-4502-B4E7-54C927010967}.AppStore|iPhoneSimulator.Deploy.0 = Release|Any CPU
		{635C4735-4B53-4502-B4E7-54C927010967}.AppStore|x64.ActiveCfg = Release|Any CPU
		{635C4735-4B53-4502-B4E7-54C927010967}.AppStore|x64.Build.0 = Release|Any CPU
		{635C4735-4B53-4502-B4E7-54C927010967}.AppStore|x64.Deploy.0 = Release|Any CPU
		{635C4735-4B53-4502-B4E7-54C927010967}.AppStore|x86.ActiveCfg = Release|x86
		{635C4735-4B53-4502-B4E7-54C927010967}.AppStore|x86.Build.0 = Release|x86
		{635C4735-4B53-4502-B4E7-54C927010967}.AppStore|x86.Deploy.0 = Release|x86
		{635C4735-4B53-4502-B4E7-54C927010967}.Debug|Any CPU.ActiveCfg = Debug|Any CPU
		{635C4735-4B53-4502-B4E7-54C927010967}.Debug|Any CPU.Build.0 = Debug|Any CPU
		{635C4735-4B53-4502-B4E7-54C927010967}.Debug|Any CPU.Deploy.0 = Debug|Any CPU
		{635C4735-4B53-4502-B4E7-54C927010967}.Debug|ARM.ActiveCfg = Debug|ARM
		{635C4735-4B53-4502-B4E7-54C927010967}.Debug|ARM.Build.0 = Debug|ARM
		{635C4735-4B53-4502-B4E7-54C927010967}.Debug|ARM.Deploy.0 = Debug|ARM
		{635C4735-4B53-4502-B4E7-54C927010967}.Debug|iPhone.ActiveCfg = Debug|Any CPU
		{635C4735-4B53-4502-B4E7-54C927010967}.Debug|iPhone.Build.0 = Debug|Any CPU
		{635C4735-4B53-4502-B4E7-54C927010967}.Debug|iPhone.Deploy.0 = Debug|Any CPU
		{635C4735-4B53-4502-B4E7-54C927010967}.Debug|iPhoneSimulator.ActiveCfg = Debug|Any CPU
		{635C4735-4B53-4502-B4E7-54C927010967}.Debug|iPhoneSimulator.Build.0 = Debug|Any CPU
		{635C4735-4B53-4502-B4E7-54C927010967}.Debug|iPhoneSimulator.Deploy.0 = Debug|Any CPU
		{635C4735-4B53-4502-B4E7-54C927010967}.Debug|x64.ActiveCfg = Debug|Any CPU
		{635C4735-4B53-4502-B4E7-54C927010967}.Debug|x64.Build.0 = Debug|Any CPU
		{635C4735-4B53-4502-B4E7-54C927010967}.Debug|x64.Deploy.0 = Debug|Any CPU
		{635C4735-4B53-4502-B4E7-54C927010967}.Debug|x86.ActiveCfg = Debug|x86
		{635C4735-4B53-4502-B4E7-54C927010967}.Debug|x86.Build.0 = Debug|x86
		{635C4735-4B53-4502-B4E7-54C927010967}.Debug|x86.Deploy.0 = Debug|x86
		{635C4735-4B53-4502-B4E7-54C927010967}.Release|Any CPU.ActiveCfg = Release|Any CPU
		{635C4735-4B53-4502-B4E7-54C927010967}.Release|Any CPU.Build.0 = Release|Any CPU
		{635C4735-4B53-4502-B4E7-54C927010967}.Release|Any CPU.Deploy.0 = Release|Any CPU
		{635C4735-4B53-4502-B4E7-54C927010967}.Release|ARM.ActiveCfg = Release|ARM
		{635C4735-4B53-4502-B4E7-54C927010967}.Release|ARM.Build.0 = Release|ARM
		{635C4735-4B53-4502-B4E7-54C927010967}.Release|ARM.Deploy.0 = Release|ARM
		{635C4735-4B53-4502-B4E7-54C927010967}.Release|iPhone.ActiveCfg = Release|Any CPU
		{635C4735-4B53-4502-B4E7-54C927010967}.Release|iPhone.Build.0 = Release|Any CPU
		{635C4735-4B53-4502-B4E7-54C927010967}.Release|iPhone.Deploy.0 = Release|Any CPU
		{635C4735-4B53-4502-B4E7-54C927010967}.Release|iPhoneSimulator.ActiveCfg = Release|Any CPU
		{635C4735-4B53-4502-B4E7-54C927010967}.Release|iPhoneSimulator.Build.0 = Release|Any CPU
		{635C4735-4B53-4502-B4E7-54C927010967}.Release|iPhoneSimulator.Deploy.0 = Release|Any CPU
		{635C4735-4B53-4502-B4E7-54C927010967}.Release|x64.ActiveCfg = Release|Any CPU
		{635C4735-4B53-4502-B4E7-54C927010967}.Release|x64.Build.0 = Release|Any CPU
		{635C4735-4B53-4502-B4E7-54C927010967}.Release|x64.Deploy.0 = Release|Any CPU
		{635C4735-4B53-4502-B4E7-54C927010967}.Release|x86.ActiveCfg = Release|x86
		{635C4735-4B53-4502-B4E7-54C927010967}.Release|x86.Build.0 = Release|x86
		{635C4735-4B53-4502-B4E7-54C927010967}.Release|x86.Deploy.0 = Release|x86
		{AACE4EB0-94F5-4064-9FAA-CFAE76EB88B0}.Ad-Hoc|Any CPU.ActiveCfg = Release|x86
		{AACE4EB0-94F5-4064-9FAA-CFAE76EB88B0}.Ad-Hoc|Any CPU.Build.0 = Release|x86
		{AACE4EB0-94F5-4064-9FAA-CFAE76EB88B0}.Ad-Hoc|Any CPU.Deploy.0 = Release|x86
		{AACE4EB0-94F5-4064-9FAA-CFAE76EB88B0}.Ad-Hoc|ARM.ActiveCfg = Release|ARM
		{AACE4EB0-94F5-4064-9FAA-CFAE76EB88B0}.Ad-Hoc|ARM.Build.0 = Release|ARM
		{AACE4EB0-94F5-4064-9FAA-CFAE76EB88B0}.Ad-Hoc|ARM.Deploy.0 = Release|ARM
		{AACE4EB0-94F5-4064-9FAA-CFAE76EB88B0}.Ad-Hoc|iPhone.ActiveCfg = Release|x86
		{AACE4EB0-94F5-4064-9FAA-CFAE76EB88B0}.Ad-Hoc|iPhone.Build.0 = Release|x86
		{AACE4EB0-94F5-4064-9FAA-CFAE76EB88B0}.Ad-Hoc|iPhone.Deploy.0 = Release|x86
		{AACE4EB0-94F5-4064-9FAA-CFAE76EB88B0}.Ad-Hoc|iPhoneSimulator.ActiveCfg = Release|x86
		{AACE4EB0-94F5-4064-9FAA-CFAE76EB88B0}.Ad-Hoc|iPhoneSimulator.Build.0 = Release|x86
		{AACE4EB0-94F5-4064-9FAA-CFAE76EB88B0}.Ad-Hoc|iPhoneSimulator.Deploy.0 = Release|x86
		{AACE4EB0-94F5-4064-9FAA-CFAE76EB88B0}.Ad-Hoc|x64.ActiveCfg = Release|x64
		{AACE4EB0-94F5-4064-9FAA-CFAE76EB88B0}.Ad-Hoc|x64.Build.0 = Release|x64
		{AACE4EB0-94F5-4064-9FAA-CFAE76EB88B0}.Ad-Hoc|x64.Deploy.0 = Release|x64
		{AACE4EB0-94F5-4064-9FAA-CFAE76EB88B0}.Ad-Hoc|x86.ActiveCfg = Release|x86
		{AACE4EB0-94F5-4064-9FAA-CFAE76EB88B0}.Ad-Hoc|x86.Build.0 = Release|x86
		{AACE4EB0-94F5-4064-9FAA-CFAE76EB88B0}.Ad-Hoc|x86.Deploy.0 = Release|x86
		{AACE4EB0-94F5-4064-9FAA-CFAE76EB88B0}.AppStore|Any CPU.ActiveCfg = Release|x86
		{AACE4EB0-94F5-4064-9FAA-CFAE76EB88B0}.AppStore|Any CPU.Build.0 = Release|x86
		{AACE4EB0-94F5-4064-9FAA-CFAE76EB88B0}.AppStore|Any CPU.Deploy.0 = Release|x86
		{AACE4EB0-94F5-4064-9FAA-CFAE76EB88B0}.AppStore|ARM.ActiveCfg = Release|ARM
		{AACE4EB0-94F5-4064-9FAA-CFAE76EB88B0}.AppStore|ARM.Build.0 = Release|ARM
		{AACE4EB0-94F5-4064-9FAA-CFAE76EB88B0}.AppStore|ARM.Deploy.0 = Release|ARM
		{AACE4EB0-94F5-4064-9FAA-CFAE76EB88B0}.AppStore|iPhone.ActiveCfg = Release|x86
		{AACE4EB0-94F5-4064-9FAA-CFAE76EB88B0}.AppStore|iPhone.Build.0 = Release|x86
		{AACE4EB0-94F5-4064-9FAA-CFAE76EB88B0}.AppStore|iPhone.Deploy.0 = Release|x86
		{AACE4EB0-94F5-4064-9FAA-CFAE76EB88B0}.AppStore|iPhoneSimulator.ActiveCfg = Release|x86
		{AACE4EB0-94F5-4064-9FAA-CFAE76EB88B0}.AppStore|iPhoneSimulator.Build.0 = Release|x86
		{AACE4EB0-94F5-4064-9FAA-CFAE76EB88B0}.AppStore|iPhoneSimulator.Deploy.0 = Release|x86
		{AACE4EB0-94F5-4064-9FAA-CFAE76EB88B0}.AppStore|x64.ActiveCfg = Release|x64
		{AACE4EB0-94F5-4064-9FAA-CFAE76EB88B0}.AppStore|x64.Build.0 = Release|x64
		{AACE4EB0-94F5-4064-9FAA-CFAE76EB88B0}.AppStore|x64.Deploy.0 = Release|x64
		{AACE4EB0-94F5-4064-9FAA-CFAE76EB88B0}.AppStore|x86.ActiveCfg = Release|x86
		{AACE4EB0-94F5-4064-9FAA-CFAE76EB88B0}.AppStore|x86.Build.0 = Release|x86
		{AACE4EB0-94F5-4064-9FAA-CFAE76EB88B0}.AppStore|x86.Deploy.0 = Release|x86
		{AACE4EB0-94F5-4064-9FAA-CFAE76EB88B0}.Debug|Any CPU.ActiveCfg = Debug|x86
		{AACE4EB0-94F5-4064-9FAA-CFAE76EB88B0}.Debug|Any CPU.Build.0 = Debug|x86
		{AACE4EB0-94F5-4064-9FAA-CFAE76EB88B0}.Debug|Any CPU.Deploy.0 = Debug|x86
		{AACE4EB0-94F5-4064-9FAA-CFAE76EB88B0}.Debug|ARM.ActiveCfg = Debug|ARM
		{AACE4EB0-94F5-4064-9FAA-CFAE76EB88B0}.Debug|ARM.Build.0 = Debug|ARM
		{AACE4EB0-94F5-4064-9FAA-CFAE76EB88B0}.Debug|ARM.Deploy.0 = Debug|ARM
		{AACE4EB0-94F5-4064-9FAA-CFAE76EB88B0}.Debug|iPhone.ActiveCfg = Debug|x86
		{AACE4EB0-94F5-4064-9FAA-CFAE76EB88B0}.Debug|iPhoneSimulator.ActiveCfg = Debug|x86
		{AACE4EB0-94F5-4064-9FAA-CFAE76EB88B0}.Debug|x64.ActiveCfg = Debug|x64
		{AACE4EB0-94F5-4064-9FAA-CFAE76EB88B0}.Debug|x64.Build.0 = Debug|x64
		{AACE4EB0-94F5-4064-9FAA-CFAE76EB88B0}.Debug|x64.Deploy.0 = Debug|x64
		{AACE4EB0-94F5-4064-9FAA-CFAE76EB88B0}.Debug|x86.ActiveCfg = Debug|x86
		{AACE4EB0-94F5-4064-9FAA-CFAE76EB88B0}.Debug|x86.Build.0 = Debug|x86
		{AACE4EB0-94F5-4064-9FAA-CFAE76EB88B0}.Debug|x86.Deploy.0 = Debug|x86
		{AACE4EB0-94F5-4064-9FAA-CFAE76EB88B0}.Release|Any CPU.ActiveCfg = Release|x86
		{AACE4EB0-94F5-4064-9FAA-CFAE76EB88B0}.Release|ARM.ActiveCfg = Release|ARM
		{AACE4EB0-94F5-4064-9FAA-CFAE76EB88B0}.Release|ARM.Build.0 = Release|ARM
		{AACE4EB0-94F5-4064-9FAA-CFAE76EB88B0}.Release|ARM.Deploy.0 = Release|ARM
		{AACE4EB0-94F5-4064-9FAA-CFAE76EB88B0}.Release|iPhone.ActiveCfg = Release|x86
		{AACE4EB0-94F5-4064-9FAA-CFAE76EB88B0}.Release|iPhoneSimulator.ActiveCfg = Release|x86
		{AACE4EB0-94F5-4064-9FAA-CFAE76EB88B0}.Release|x64.ActiveCfg = Release|x64
		{AACE4EB0-94F5-4064-9FAA-CFAE76EB88B0}.Release|x64.Build.0 = Release|x64
		{AACE4EB0-94F5-4064-9FAA-CFAE76EB88B0}.Release|x64.Deploy.0 = Release|x64
		{AACE4EB0-94F5-4064-9FAA-CFAE76EB88B0}.Release|x86.ActiveCfg = Release|x86
		{AACE4EB0-94F5-4064-9FAA-CFAE76EB88B0}.Release|x86.Build.0 = Release|x86
		{AACE4EB0-94F5-4064-9FAA-CFAE76EB88B0}.Release|x86.Deploy.0 = Release|x86
		{45657AB8-1A4D-46B3-8D81-E0D2151797B6}.Ad-Hoc|Any CPU.ActiveCfg = Release|Any CPU
		{45657AB8-1A4D-46B3-8D81-E0D2151797B6}.Ad-Hoc|Any CPU.Build.0 = Release|Any CPU
		{45657AB8-1A4D-46B3-8D81-E0D2151797B6}.Ad-Hoc|Any CPU.Deploy.0 = Release|Any CPU
		{45657AB8-1A4D-46B3-8D81-E0D2151797B6}.Ad-Hoc|ARM.ActiveCfg = Release|ARM
		{45657AB8-1A4D-46B3-8D81-E0D2151797B6}.Ad-Hoc|ARM.Build.0 = Release|ARM
		{45657AB8-1A4D-46B3-8D81-E0D2151797B6}.Ad-Hoc|ARM.Deploy.0 = Release|ARM
		{45657AB8-1A4D-46B3-8D81-E0D2151797B6}.Ad-Hoc|iPhone.ActiveCfg = Release|Any CPU
		{45657AB8-1A4D-46B3-8D81-E0D2151797B6}.Ad-Hoc|iPhone.Build.0 = Release|Any CPU
		{45657AB8-1A4D-46B3-8D81-E0D2151797B6}.Ad-Hoc|iPhone.Deploy.0 = Release|Any CPU
		{45657AB8-1A4D-46B3-8D81-E0D2151797B6}.Ad-Hoc|iPhoneSimulator.ActiveCfg = Release|Any CPU
		{45657AB8-1A4D-46B3-8D81-E0D2151797B6}.Ad-Hoc|iPhoneSimulator.Build.0 = Release|Any CPU
		{45657AB8-1A4D-46B3-8D81-E0D2151797B6}.Ad-Hoc|iPhoneSimulator.Deploy.0 = Release|Any CPU
		{45657AB8-1A4D-46B3-8D81-E0D2151797B6}.Ad-Hoc|x64.ActiveCfg = Release|x64
		{45657AB8-1A4D-46B3-8D81-E0D2151797B6}.Ad-Hoc|x64.Build.0 = Release|x64
		{45657AB8-1A4D-46B3-8D81-E0D2151797B6}.Ad-Hoc|x64.Deploy.0 = Release|x64
		{45657AB8-1A4D-46B3-8D81-E0D2151797B6}.Ad-Hoc|x86.ActiveCfg = Release|x86
		{45657AB8-1A4D-46B3-8D81-E0D2151797B6}.Ad-Hoc|x86.Build.0 = Release|x86
		{45657AB8-1A4D-46B3-8D81-E0D2151797B6}.Ad-Hoc|x86.Deploy.0 = Release|x86
		{45657AB8-1A4D-46B3-8D81-E0D2151797B6}.AppStore|Any CPU.ActiveCfg = Release|Any CPU
		{45657AB8-1A4D-46B3-8D81-E0D2151797B6}.AppStore|Any CPU.Build.0 = Release|Any CPU
		{45657AB8-1A4D-46B3-8D81-E0D2151797B6}.AppStore|Any CPU.Deploy.0 = Release|Any CPU
		{45657AB8-1A4D-46B3-8D81-E0D2151797B6}.AppStore|ARM.ActiveCfg = Release|ARM
		{45657AB8-1A4D-46B3-8D81-E0D2151797B6}.AppStore|ARM.Build.0 = Release|ARM
		{45657AB8-1A4D-46B3-8D81-E0D2151797B6}.AppStore|ARM.Deploy.0 = Release|ARM
		{45657AB8-1A4D-46B3-8D81-E0D2151797B6}.AppStore|iPhone.ActiveCfg = Release|Any CPU
		{45657AB8-1A4D-46B3-8D81-E0D2151797B6}.AppStore|iPhone.Build.0 = Release|Any CPU
		{45657AB8-1A4D-46B3-8D81-E0D2151797B6}.AppStore|iPhone.Deploy.0 = Release|Any CPU
		{45657AB8-1A4D-46B3-8D81-E0D2151797B6}.AppStore|iPhoneSimulator.ActiveCfg = Release|Any CPU
		{45657AB8-1A4D-46B3-8D81-E0D2151797B6}.AppStore|iPhoneSimulator.Build.0 = Release|Any CPU
		{45657AB8-1A4D-46B3-8D81-E0D2151797B6}.AppStore|iPhoneSimulator.Deploy.0 = Release|Any CPU
		{45657AB8-1A4D-46B3-8D81-E0D2151797B6}.AppStore|x64.ActiveCfg = Release|x64
		{45657AB8-1A4D-46B3-8D81-E0D2151797B6}.AppStore|x64.Build.0 = Release|x64
		{45657AB8-1A4D-46B3-8D81-E0D2151797B6}.AppStore|x64.Deploy.0 = Release|x64
		{45657AB8-1A4D-46B3-8D81-E0D2151797B6}.AppStore|x86.ActiveCfg = Release|x86
		{45657AB8-1A4D-46B3-8D81-E0D2151797B6}.AppStore|x86.Build.0 = Release|x86
		{45657AB8-1A4D-46B3-8D81-E0D2151797B6}.AppStore|x86.Deploy.0 = Release|x86
		{45657AB8-1A4D-46B3-8D81-E0D2151797B6}.Debug|Any CPU.ActiveCfg = Debug|Any CPU
		{45657AB8-1A4D-46B3-8D81-E0D2151797B6}.Debug|Any CPU.Build.0 = Debug|Any CPU
		{45657AB8-1A4D-46B3-8D81-E0D2151797B6}.Debug|Any CPU.Deploy.0 = Debug|Any CPU
		{45657AB8-1A4D-46B3-8D81-E0D2151797B6}.Debug|ARM.ActiveCfg = Debug|ARM
		{45657AB8-1A4D-46B3-8D81-E0D2151797B6}.Debug|ARM.Build.0 = Debug|ARM
		{45657AB8-1A4D-46B3-8D81-E0D2151797B6}.Debug|ARM.Deploy.0 = Debug|ARM
		{45657AB8-1A4D-46B3-8D81-E0D2151797B6}.Debug|iPhone.ActiveCfg = Debug|Any CPU
		{45657AB8-1A4D-46B3-8D81-E0D2151797B6}.Debug|iPhone.Build.0 = Debug|Any CPU
		{45657AB8-1A4D-46B3-8D81-E0D2151797B6}.Debug|iPhone.Deploy.0 = Debug|Any CPU
		{45657AB8-1A4D-46B3-8D81-E0D2151797B6}.Debug|iPhoneSimulator.ActiveCfg = Debug|Any CPU
		{45657AB8-1A4D-46B3-8D81-E0D2151797B6}.Debug|iPhoneSimulator.Build.0 = Debug|Any CPU
		{45657AB8-1A4D-46B3-8D81-E0D2151797B6}.Debug|iPhoneSimulator.Deploy.0 = Debug|Any CPU
		{45657AB8-1A4D-46B3-8D81-E0D2151797B6}.Debug|x64.ActiveCfg = Debug|x64
		{45657AB8-1A4D-46B3-8D81-E0D2151797B6}.Debug|x64.Build.0 = Debug|x64
		{45657AB8-1A4D-46B3-8D81-E0D2151797B6}.Debug|x64.Deploy.0 = Debug|x64
		{45657AB8-1A4D-46B3-8D81-E0D2151797B6}.Debug|x86.ActiveCfg = Debug|x86
		{45657AB8-1A4D-46B3-8D81-E0D2151797B6}.Debug|x86.Build.0 = Debug|x86
		{45657AB8-1A4D-46B3-8D81-E0D2151797B6}.Debug|x86.Deploy.0 = Debug|x86
		{45657AB8-1A4D-46B3-8D81-E0D2151797B6}.Release|Any CPU.ActiveCfg = Release|Any CPU
		{45657AB8-1A4D-46B3-8D81-E0D2151797B6}.Release|Any CPU.Build.0 = Release|Any CPU
		{45657AB8-1A4D-46B3-8D81-E0D2151797B6}.Release|Any CPU.Deploy.0 = Release|Any CPU
		{45657AB8-1A4D-46B3-8D81-E0D2151797B6}.Release|ARM.ActiveCfg = Release|ARM
		{45657AB8-1A4D-46B3-8D81-E0D2151797B6}.Release|ARM.Build.0 = Release|ARM
		{45657AB8-1A4D-46B3-8D81-E0D2151797B6}.Release|ARM.Deploy.0 = Release|ARM
		{45657AB8-1A4D-46B3-8D81-E0D2151797B6}.Release|iPhone.ActiveCfg = Release|Any CPU
		{45657AB8-1A4D-46B3-8D81-E0D2151797B6}.Release|iPhone.Build.0 = Release|Any CPU
		{45657AB8-1A4D-46B3-8D81-E0D2151797B6}.Release|iPhone.Deploy.0 = Release|Any CPU
		{45657AB8-1A4D-46B3-8D81-E0D2151797B6}.Release|iPhoneSimulator.ActiveCfg = Release|Any CPU
		{45657AB8-1A4D-46B3-8D81-E0D2151797B6}.Release|iPhoneSimulator.Build.0 = Release|Any CPU
		{45657AB8-1A4D-46B3-8D81-E0D2151797B6}.Release|iPhoneSimulator.Deploy.0 = Release|Any CPU
		{45657AB8-1A4D-46B3-8D81-E0D2151797B6}.Release|x64.ActiveCfg = Release|x64
		{45657AB8-1A4D-46B3-8D81-E0D2151797B6}.Release|x64.Build.0 = Release|x64
		{45657AB8-1A4D-46B3-8D81-E0D2151797B6}.Release|x64.Deploy.0 = Release|x64
		{45657AB8-1A4D-46B3-8D81-E0D2151797B6}.Release|x86.ActiveCfg = Release|x86
		{45657AB8-1A4D-46B3-8D81-E0D2151797B6}.Release|x86.Build.0 = Release|x86
		{45657AB8-1A4D-46B3-8D81-E0D2151797B6}.Release|x86.Deploy.0 = Release|x86
	EndGlobalSection
	GlobalSection(SolutionProperties) = preSolution
		HideSolutionNode = FALSE
	EndGlobalSection
EndGlobal
